// !$*UTF8*$!
{
	archiveVersion = 1;
	classes = {
	};
	objectVersion = 77;
	objects = {

/* Begin PBXBuildFile section */
		3712E1962E348DBD005E3518 /* AudioKit in Frameworks */ = {isa = PBXBuildFile; productRef = 3712E1952E348DBD005E3518 /* AudioKit */; };
		371DFAE92E348FD000DEF10A /* SoundpipeAudioKit in Frameworks */ = {isa = PBXBuildFile; productRef = 371DFAE82E348FD000DEF10A /* SoundpipeAudioKit */; };
		37DB4EB12E3F9BDB0022AAC8 /* TelemetryClient in Frameworks */ = {isa = PBXBuildFile; productRef = 37DB4EB02E3F9BDB0022AAC8 /* TelemetryClient */; };
		37DB4EB32E3F9BDB0022AAC8 /* TelemetryDeck in Frameworks */ = {isa = PBXBuildFile; productRef = 37DB4EB22E3F9BDB0022AAC8 /* TelemetryDeck */; };
		37DB4EBF2E3FA0E20022AAC8 /* ReceiptParser in Frameworks */ = {isa = PBXBuildFile; productRef = 37DB4EBE2E3FA0E20022AAC8 /* ReceiptParser */; };
		37DB4EC12E3FA0E20022AAC8 /* RevenueCat in Frameworks */ = {isa = PBXBuildFile; productRef = 37DB4EC02E3FA0E20022AAC8 /* RevenueCat */; };
		37DB4EC32E3FA0E20022AAC8 /* RevenueCatUI in Frameworks */ = {isa = PBXBuildFile; productRef = 37DB4EC22E3FA0E20022AAC8 /* RevenueCatUI */; };
/* End PBXBuildFile section */

/* Begin PBXFileReference section */
		37F1716D2DF91DFF009C3656 /* Clef Notes.app */ = {isa = PBXFileReference; explicitFileType = wrapper.application; includeInIndex = 0; path = "Clef Notes.app"; sourceTree = BUILT_PRODUCTS_DIR; };
/* End PBXFileReference section */

/* Begin PBXFileSystemSynchronizedBuildFileExceptionSet section */
		37F1717A2DF91E00009C3656 /* Exceptions for "Clef Notes" folder in "Clef Notes" target */ = {
			isa = PBXFileSystemSynchronizedBuildFileExceptionSet;
			membershipExceptions = (
				Info.plist,
			);
			target = 37F1716C2DF91DFF009C3656 /* Clef Notes */;
		};
/* End PBXFileSystemSynchronizedBuildFileExceptionSet section */

/* Begin PBXFileSystemSynchronizedRootGroup section */
		37F1716F2DF91DFF009C3656 /* Clef Notes */ = {
			isa = PBXFileSystemSynchronizedRootGroup;
			exceptions = (
				37F1717A2DF91E00009C3656 /* Exceptions for "Clef Notes" folder in "Clef Notes" target */,
			);
			path = "Clef Notes";
			sourceTree = "<group>";
		};
/* End PBXFileSystemSynchronizedRootGroup section */

/* Begin PBXFrameworksBuildPhase section */
		37F1716A2DF91DFF009C3656 /* Frameworks */ = {
			isa = PBXFrameworksBuildPhase;
			buildActionMask = 2147483647;
			files = (
				371DFAE92E348FD000DEF10A /* SoundpipeAudioKit in Frameworks */,
				3712E1962E348DBD005E3518 /* AudioKit in Frameworks */,
				37DB4EC32E3FA0E20022AAC8 /* RevenueCatUI in Frameworks */,
				37DB4EC12E3FA0E20022AAC8 /* RevenueCat in Frameworks */,
				37DB4EB12E3F9BDB0022AAC8 /* TelemetryClient in Frameworks */,
				37DB4EB32E3F9BDB0022AAC8 /* TelemetryDeck in Frameworks */,
				37DB4EBF2E3FA0E20022AAC8 /* ReceiptParser in Frameworks */,
			);
			runOnlyForDeploymentPostprocessing = 0;
		};
/* End PBXFrameworksBuildPhase section */

/* Begin PBXGroup section */
		3712E1942E348DBD005E3518 /* Frameworks */ = {
			isa = PBXGroup;
			children = (
			);
			name = Frameworks;
			sourceTree = "<group>";
		};
		37F171642DF91DFF009C3656 = {
			isa = PBXGroup;
			children = (
				37F1716F2DF91DFF009C3656 /* Clef Notes */,
				3712E1942E348DBD005E3518 /* Frameworks */,
				37F1716E2DF91DFF009C3656 /* Products */,
			);
			sourceTree = "<group>";
		};
		37F1716E2DF91DFF009C3656 /* Products */ = {
			isa = PBXGroup;
			children = (
				37F1716D2DF91DFF009C3656 /* Clef Notes.app */,
			);
			name = Products;
			sourceTree = "<group>";
		};
/* End PBXGroup section */

/* Begin PBXNativeTarget section */
		37F1716C2DF91DFF009C3656 /* Clef Notes */ = {
			isa = PBXNativeTarget;
			buildConfigurationList = 37F1717B2DF91E00009C3656 /* Build configuration list for PBXNativeTarget "Clef Notes" */;
			buildPhases = (
				37F171692DF91DFF009C3656 /* Sources */,
				37F1716A2DF91DFF009C3656 /* Frameworks */,
				37F1716B2DF91DFF009C3656 /* Resources */,
			);
			buildRules = (
			);
			dependencies = (
			);
			fileSystemSynchronizedGroups = (
				37F1716F2DF91DFF009C3656 /* Clef Notes */,
			);
			name = "Clef Notes";
			packageProductDependencies = (
				3712E1952E348DBD005E3518 /* AudioKit */,
				371DFAE82E348FD000DEF10A /* SoundpipeAudioKit */,
				37DB4EB02E3F9BDB0022AAC8 /* TelemetryClient */,
				37DB4EB22E3F9BDB0022AAC8 /* TelemetryDeck */,
				37DB4EBE2E3FA0E20022AAC8 /* ReceiptParser */,
				37DB4EC02E3FA0E20022AAC8 /* RevenueCat */,
				37DB4EC22E3FA0E20022AAC8 /* RevenueCatUI */,
			);
			productName = "Clef Notes";
			productReference = 37F1716D2DF91DFF009C3656 /* Clef Notes.app */;
			productType = "com.apple.product-type.application";
		};
/* End PBXNativeTarget section */

/* Begin PBXProject section */
		37F171652DF91DFF009C3656 /* Project object */ = {
			isa = PBXProject;
			attributes = {
				BuildIndependentTargetsInParallel = 1;
				LastSwiftUpdateCheck = 2600;
				LastUpgradeCheck = 2600;
				TargetAttributes = {
					37F1716C2DF91DFF009C3656 = {
						CreatedOnToolsVersion = 26.0;
					};
				};
			};
			buildConfigurationList = 37F171682DF91DFF009C3656 /* Build configuration list for PBXProject "Clef Notes" */;
			developmentRegion = en;
			hasScannedForEncodings = 0;
			knownRegions = (
				en,
				Base,
			);
			mainGroup = 37F171642DF91DFF009C3656;
			minimizedProjectReferenceProxies = 1;
			packageReferences = (
				3712E1912E348C80005E3518 /* XCRemoteSwiftPackageReference "AudioKit" */,
				371DFAE72E348FD000DEF10A /* XCRemoteSwiftPackageReference "SoundpipeAudioKit" */,
				37DB4EAF2E3F9BDB0022AAC8 /* XCRemoteSwiftPackageReference "SwiftSDK" */,
				37DB4EBD2E3FA0E20022AAC8 /* XCRemoteSwiftPackageReference "purchases-ios-spm" */,
			);
			preferredProjectObjectVersion = 77;
			productRefGroup = 37F1716E2DF91DFF009C3656 /* Products */;
			projectDirPath = "";
			projectRoot = "";
			targets = (
				37F1716C2DF91DFF009C3656 /* Clef Notes */,
			);
		};
/* End PBXProject section */

/* Begin PBXResourcesBuildPhase section */
		37F1716B2DF91DFF009C3656 /* Resources */ = {
			isa = PBXResourcesBuildPhase;
			buildActionMask = 2147483647;
			files = (
			);
			runOnlyForDeploymentPostprocessing = 0;
		};
/* End PBXResourcesBuildPhase section */

/* Begin PBXSourcesBuildPhase section */
		37F171692DF91DFF009C3656 /* Sources */ = {
			isa = PBXSourcesBuildPhase;
			buildActionMask = 2147483647;
			files = (
			);
			runOnlyForDeploymentPostprocessing = 0;
		};
/* End PBXSourcesBuildPhase section */

/* Begin XCBuildConfiguration section */
		37F1717C2DF91E00009C3656 /* Debug */ = {
			isa = XCBuildConfiguration;
			baseConfigurationReferenceAnchor = 37F1716F2DF91DFF009C3656 /* Clef Notes */;
			baseConfigurationReferenceRelativePath = Config.xcconfig;
			buildSettings = {
				ASSETCATALOG_COMPILER_ALTERNATE_APPICON_NAMES = "TrebleClefIcon AltoClefIcon";
				ASSETCATALOG_COMPILER_APPICON_NAME = AppIcon;
				ASSETCATALOG_COMPILER_GLOBAL_ACCENT_COLOR_NAME = AccentColor;
				ASSETCATALOG_COMPILER_INCLUDE_ALL_APPICON_ASSETS = YES;
				CODE_SIGN_ENTITLEMENTS = "Clef Notes/Clef_Notes.entitlements";
				CODE_SIGN_IDENTITY = "Apple Development";
				CODE_SIGN_STYLE = Automatic;
				CURRENT_PROJECT_VERSION = 1;
				DEVELOPMENT_TEAM = K7Q9GG27V6;
				ENABLE_PREVIEWS = YES;
				GENERATE_INFOPLIST_FILE = YES;
				INFOPLIST_FILE = "Clef Notes/Info.plist";
				INFOPLIST_KEY_LSApplicationCategoryType = "public.app-category.music";
				INFOPLIST_KEY_NSAppleMusicUsageDescription = "ClefNotes needs to access your Apple Music account to play songs in the app.";
				INFOPLIST_KEY_NSCameraUsageDescription = "ClefNotes would like to access your camera to take a photo for the student avatar.";
				INFOPLIST_KEY_NSMicrophoneUsageDescription = "ClefNotes needs to access your microphone to record audio within the app.";
				INFOPLIST_KEY_UIApplicationSceneManifest_Generation = YES;
				INFOPLIST_KEY_UIApplicationSupportsIndirectInputEvents = YES;
				INFOPLIST_KEY_UILaunchScreen_Generation = YES;
				INFOPLIST_KEY_UISupportedInterfaceOrientations_iPad = "UIInterfaceOrientationPortrait UIInterfaceOrientationPortraitUpsideDown UIInterfaceOrientationLandscapeLeft UIInterfaceOrientationLandscapeRight";
				INFOPLIST_KEY_UISupportedInterfaceOrientations_iPhone = UIInterfaceOrientationPortrait;
				IPHONEOS_DEPLOYMENT_TARGET = 17.0;
				LD_RUNPATH_SEARCH_PATHS = (
					"$(inherited)",
					"@executable_path/Frameworks",
				);
				MARKETING_VERSION = 1.0.1;
				PRODUCT_BUNDLE_IDENTIFIER = "com.clefnotesapp.Clef-Notes";
				PRODUCT_NAME = "$(TARGET_NAME)";
				PROVISIONING_PROFILE_SPECIFIER = "";
				STRING_CATALOG_GENERATE_SYMBOLS = YES;
				SUPPORTED_PLATFORMS = "iphoneos iphonesimulator";
				SUPPORTS_MACCATALYST = NO;
				SUPPORTS_XR_DESIGNED_FOR_IPHONE_IPAD = NO;
				SWIFT_DEFAULT_ACTOR_ISOLATION = MainActor;
				SWIFT_EMIT_LOC_STRINGS = YES;
				SWIFT_UPCOMING_FEATURE_MEMBER_IMPORT_VISIBILITY = YES;
				SWIFT_VERSION = 5.0;
				TARGETED_DEVICE_FAMILY = "1,2";
			};
			name = Debug;
		};
		37F1717D2DF91E00009C3656 /* Release */ = {
			isa = XCBuildConfiguration;
			baseConfigurationReferenceAnchor = 37F1716F2DF91DFF009C3656 /* Clef Notes */;
			baseConfigurationReferenceRelativePath = Config.xcconfig;
			buildSettings = {
				ASSETCATALOG_COMPILER_ALTERNATE_APPICON_NAMES = "TrebleClefIcon AltoClefIcon";
				ASSETCATALOG_COMPILER_APPICON_NAME = AppIcon;
				ASSETCATALOG_COMPILER_GLOBAL_ACCENT_COLOR_NAME = AccentColor;
				ASSETCATALOG_COMPILER_INCLUDE_ALL_APPICON_ASSETS = YES;
				CODE_SIGN_ENTITLEMENTS = "Clef Notes/Clef_Notes.entitlements";
				CODE_SIGN_IDENTITY = "Apple Development";
				CODE_SIGN_STYLE = Automatic;
				CURRENT_PROJECT_VERSION = 1;
				DEVELOPMENT_TEAM = K7Q9GG27V6;
				ENABLE_PREVIEWS = YES;
				GENERATE_INFOPLIST_FILE = YES;
				INFOPLIST_FILE = "Clef Notes/Info.plist";
				INFOPLIST_KEY_LSApplicationCategoryType = "public.app-category.music";
				INFOPLIST_KEY_NSAppleMusicUsageDescription = "ClefNotes needs to access your Apple Music account to play songs in the app.";
				INFOPLIST_KEY_NSCameraUsageDescription = "ClefNotes would like to access your camera to take a photo for the student avatar.";
				INFOPLIST_KEY_NSMicrophoneUsageDescription = "ClefNotes needs to access your microphone to record audio within the app.";
				INFOPLIST_KEY_UIApplicationSceneManifest_Generation = YES;
				INFOPLIST_KEY_UIApplicationSupportsIndirectInputEvents = YES;
				INFOPLIST_KEY_UILaunchScreen_Generation = YES;
				INFOPLIST_KEY_UISupportedInterfaceOrientations_iPad = "UIInterfaceOrientationPortrait UIInterfaceOrientationPortraitUpsideDown UIInterfaceOrientationLandscapeLeft UIInterfaceOrientationLandscapeRight";
				INFOPLIST_KEY_UISupportedInterfaceOrientations_iPhone = UIInterfaceOrientationPortrait;
				IPHONEOS_DEPLOYMENT_TARGET = 17.0;
				LD_RUNPATH_SEARCH_PATHS = (
					"$(inherited)",
					"@executable_path/Frameworks",
				);
				MARKETING_VERSION = 1.0.1;
				PRODUCT_BUNDLE_IDENTIFIER = "com.clefnotesapp.Clef-Notes";
				PRODUCT_NAME = "$(TARGET_NAME)";
				PROVISIONING_PROFILE_SPECIFIER = "";
				STRING_CATALOG_GENERATE_SYMBOLS = YES;
				SUPPORTED_PLATFORMS = "iphoneos iphonesimulator";
				SUPPORTS_MACCATALYST = NO;
				SUPPORTS_XR_DESIGNED_FOR_IPHONE_IPAD = NO;
				SWIFT_DEFAULT_ACTOR_ISOLATION = MainActor;
				SWIFT_EMIT_LOC_STRINGS = YES;
				SWIFT_UPCOMING_FEATURE_MEMBER_IMPORT_VISIBILITY = YES;
				SWIFT_VERSION = 5.0;
				TARGETED_DEVICE_FAMILY = "1,2";
			};
			name = Release;
		};
		37F1717E2DF91E00009C3656 /* Debug */ = {
			isa = XCBuildConfiguration;
			buildSettings = {
				ALWAYS_SEARCH_USER_PATHS = NO;
				ASSETCATALOG_COMPILER_GENERATE_SWIFT_ASSET_SYMBOL_EXTENSIONS = YES;
				CLANG_ANALYZER_NONNULL = YES;
				CLANG_ANALYZER_NUMBER_OBJECT_CONVERSION = YES_AGGRESSIVE;
				CLANG_CXX_LANGUAGE_STANDARD = "gnu++20";
				CLANG_ENABLE_MODULES = YES;
				CLANG_ENABLE_OBJC_ARC = YES;
				CLANG_ENABLE_OBJC_WEAK = YES;
				CLANG_WARN_BLOCK_CAPTURE_AUTORELEASING = YES;
				CLANG_WARN_BOOL_CONVERSION = YES;
				CLANG_WARN_COMMA = YES;
				CLANG_WARN_CONSTANT_CONVERSION = YES;
				CLANG_WARN_DEPRECATED_OBJC_IMPLEMENTATIONS = YES;
				CLANG_WARN_DIRECT_OBJC_ISA_USAGE = YES_ERROR;
				CLANG_WARN_DOCUMENTATION_COMMENTS = YES;
				CLANG_WARN_EMPTY_BODY = YES;
				CLANG_WARN_ENUM_CONVERSION = YES;
				CLANG_WARN_INFINITE_RECURSION = YES;
				CLANG_WARN_INT_CONVERSION = YES;
				CLANG_WARN_NON_LITERAL_NULL_CONVERSION = YES;
				CLANG_WARN_OBJC_IMPLICIT_RETAIN_SELF = YES;
				CLANG_WARN_OBJC_LITERAL_CONVERSION = YES;
				CLANG_WARN_OBJC_ROOT_CLASS = YES_ERROR;
				CLANG_WARN_QUOTED_INCLUDE_IN_FRAMEWORK_HEADER = YES;
				CLANG_WARN_RANGE_LOOP_ANALYSIS = YES;
				CLANG_WARN_STRICT_PROTOTYPES = YES;
				CLANG_WARN_SUSPICIOUS_MOVE = YES;
				CLANG_WARN_UNGUARDED_AVAILABILITY = YES_AGGRESSIVE;
				CLANG_WARN_UNREACHABLE_CODE = YES;
				CLANG_WARN__DUPLICATE_METHOD_MATCH = YES;
				COPY_PHASE_STRIP = NO;
				DEBUG_INFORMATION_FORMAT = dwarf;
				DEVELOPMENT_TEAM = K7Q9GG27V6;
				ENABLE_STRICT_OBJC_MSGSEND = YES;
				ENABLE_TESTABILITY = YES;
				ENABLE_USER_SCRIPT_SANDBOXING = YES;
				GCC_C_LANGUAGE_STANDARD = gnu17;
				GCC_DYNAMIC_NO_PIC = NO;
				GCC_NO_COMMON_BLOCKS = YES;
				GCC_OPTIMIZATION_LEVEL = 0;
				GCC_PREPROCESSOR_DEFINITIONS = (
					"DEBUG=1",
					"$(inherited)",
				);
				GCC_WARN_64_TO_32_BIT_CONVERSION = YES;
				GCC_WARN_ABOUT_RETURN_TYPE = YES_ERROR;
				GCC_WARN_UNDECLARED_SELECTOR = YES;
				GCC_WARN_UNINITIALIZED_AUTOS = YES_AGGRESSIVE;
				GCC_WARN_UNUSED_FUNCTION = YES;
				GCC_WARN_UNUSED_VARIABLE = YES;
				IPHONEOS_DEPLOYMENT_TARGET = 26.0;
				LOCALIZATION_PREFERS_STRING_CATALOGS = YES;
				MTL_ENABLE_DEBUG_INFO = INCLUDE_SOURCE;
				MTL_FAST_MATH = YES;
				ONLY_ACTIVE_ARCH = YES;
				SDKROOT = iphoneos;
				SWIFT_ACTIVE_COMPILATION_CONDITIONS = "DEBUG $(inherited)";
				SWIFT_OPTIMIZATION_LEVEL = "-Onone";
				SWIFT_VERSION = 5.0;
			};
			name = Debug;
		};
		37F1717F2DF91E00009C3656 /* Release */ = {
			isa = XCBuildConfiguration;
			buildSettings = {
				ALWAYS_SEARCH_USER_PATHS = NO;
				ASSETCATALOG_COMPILER_GENERATE_SWIFT_ASSET_SYMBOL_EXTENSIONS = YES;
				CLANG_ANALYZER_NONNULL = YES;
				CLANG_ANALYZER_NUMBER_OBJECT_CONVERSION = YES_AGGRESSIVE;
				CLANG_CXX_LANGUAGE_STANDARD = "gnu++20";
				CLANG_ENABLE_MODULES = YES;
				CLANG_ENABLE_OBJC_ARC = YES;
				CLANG_ENABLE_OBJC_WEAK = YES;
				CLANG_WARN_BLOCK_CAPTURE_AUTORELEASING = YES;
				CLANG_WARN_BOOL_CONVERSION = YES;
				CLANG_WARN_COMMA = YES;
				CLANG_WARN_CONSTANT_CONVERSION = YES;
				CLANG_WARN_DEPRECATED_OBJC_IMPLEMENTATIONS = YES;
				CLANG_WARN_DIRECT_OBJC_ISA_USAGE = YES_ERROR;
				CLANG_WARN_DOCUMENTATION_COMMENTS = YES;
				CLANG_WARN_EMPTY_BODY = YES;
				CLANG_WARN_ENUM_CONVERSION = YES;
				CLANG_WARN_INFINITE_RECURSION = YES;
				CLANG_WARN_INT_CONVERSION = YES;
				CLANG_WARN_NON_LITERAL_NULL_CONVERSION = YES;
				CLANG_WARN_OBJC_IMPLICIT_RETAIN_SELF = YES;
				CLANG_WARN_OBJC_LITERAL_CONVERSION = YES;
				CLANG_WARN_OBJC_ROOT_CLASS = YES_ERROR;
				CLANG_WARN_QUOTED_INCLUDE_IN_FRAMEWORK_HEADER = YES;
				CLANG_WARN_RANGE_LOOP_ANALYSIS = YES;
				CLANG_WARN_STRICT_PROTOTYPES = YES;
				CLANG_WARN_SUSPICIOUS_MOVE = YES;
				CLANG_WARN_UNGUARDED_AVAILABILITY = YES_AGGRESSIVE;
				CLANG_WARN_UNREACHABLE_CODE = YES;
				CLANG_WARN__DUPLICATE_METHOD_MATCH = YES;
				COPY_PHASE_STRIP = NO;
				DEBUG_INFORMATION_FORMAT = "dwarf-with-dsym";
				DEVELOPMENT_TEAM = K7Q9GG27V6;
				ENABLE_NS_ASSERTIONS = NO;
				ENABLE_STRICT_OBJC_MSGSEND = YES;
				ENABLE_USER_SCRIPT_SANDBOXING = YES;
				GCC_C_LANGUAGE_STANDARD = gnu17;
				GCC_NO_COMMON_BLOCKS = YES;
				GCC_WARN_64_TO_32_BIT_CONVERSION = YES;
				GCC_WARN_ABOUT_RETURN_TYPE = YES_ERROR;
				GCC_WARN_UNDECLARED_SELECTOR = YES;
				GCC_WARN_UNINITIALIZED_AUTOS = YES_AGGRESSIVE;
				GCC_WARN_UNUSED_FUNCTION = YES;
				GCC_WARN_UNUSED_VARIABLE = YES;
				IPHONEOS_DEPLOYMENT_TARGET = 26.0;
				LOCALIZATION_PREFERS_STRING_CATALOGS = YES;
				MTL_ENABLE_DEBUG_INFO = NO;
				MTL_FAST_MATH = YES;
				SDKROOT = iphoneos;
				SWIFT_COMPILATION_MODE = wholemodule;
				SWIFT_VERSION = 5.0;
				VALIDATE_PRODUCT = YES;
			};
			name = Release;
		};
/* End XCBuildConfiguration section */

/* Begin XCConfigurationList section */
		37F171682DF91DFF009C3656 /* Build configuration list for PBXProject "Clef Notes" */ = {
			isa = XCConfigurationList;
			buildConfigurations = (
				37F1717E2DF91E00009C3656 /* Debug */,
				37F1717F2DF91E00009C3656 /* Release */,
			);
			defaultConfigurationIsVisible = 0;
			defaultConfigurationName = Release;
		};
		37F1717B2DF91E00009C3656 /* Build configuration list for PBXNativeTarget "Clef Notes" */ = {
			isa = XCConfigurationList;
			buildConfigurations = (
				37F1717C2DF91E00009C3656 /* Debug */,
				37F1717D2DF91E00009C3656 /* Release */,
			);
			defaultConfigurationIsVisible = 0;
			defaultConfigurationName = Release;
		};
/* End XCConfigurationList section */

/* Begin XCRemoteSwiftPackageReference section */
		3712E1912E348C80005E3518 /* XCRemoteSwiftPackageReference "AudioKit" */ = {
			isa = XCRemoteSwiftPackageReference;
			repositoryURL = "https://github.com/AudioKit/AudioKit";
			requirement = {
				kind = upToNextMajorVersion;
				minimumVersion = 5.6.5;
			};
		};
		371DFAE72E348FD000DEF10A /* XCRemoteSwiftPackageReference "SoundpipeAudioKit" */ = {
			isa = XCRemoteSwiftPackageReference;
			repositoryURL = "https://github.com/AudioKit/SoundpipeAudioKit";
			requirement = {
				kind = upToNextMajorVersion;
				minimumVersion = 5.7.3;
			};
		};
		37DB4EAF2E3F9BDB0022AAC8 /* XCRemoteSwiftPackageReference "SwiftSDK" */ = {
			isa = XCRemoteSwiftPackageReference;
			repositoryURL = "https://github.com/TelemetryDeck/SwiftSDK";
			requirement = {
				kind = upToNextMajorVersion;
				minimumVersion = 2.9.4;
			};
		};
		37DB4EBD2E3FA0E20022AAC8 /* XCRemoteSwiftPackageReference "purchases-ios-spm" */ = {
			isa = XCRemoteSwiftPackageReference;
			repositoryURL = "https://github.com/RevenueCat/purchases-ios-spm";
			requirement = {
				kind = upToNextMajorVersion;
				minimumVersion = 5.34.0;
			};
		};
/* End XCRemoteSwiftPackageReference section */

/* Begin XCSwiftPackageProductDependency section */
		3712E1952E348DBD005E3518 /* AudioKit */ = {
			isa = XCSwiftPackageProductDependency;
			package = 3712E1912E348C80005E3518 /* XCRemoteSwiftPackageReference "AudioKit" */;
			productName = AudioKit;
		};
		371DFAE82E348FD000DEF10A /* SoundpipeAudioKit */ = {
			isa = XCSwiftPackageProductDependency;
			package = 371DFAE72E348FD000DEF10A /* XCRemoteSwiftPackageReference "SoundpipeAudioKit" */;
			productName = SoundpipeAudioKit;
		};
		37DB4EB02E3F9BDB0022AAC8 /* TelemetryClient */ = {
			isa = XCSwiftPackageProductDependency;
			package = 37DB4EAF2E3F9BDB0022AAC8 /* XCRemoteSwiftPackageReference "SwiftSDK" */;
			productName = TelemetryClient;
		};
		37DB4EB22E3F9BDB0022AAC8 /* TelemetryDeck */ = {
			isa = XCSwiftPackageProductDependency;
			package = 37DB4EAF2E3F9BDB0022AAC8 /* XCRemoteSwiftPackageReference "SwiftSDK" */;
			productName = TelemetryDeck;
		};
		37DB4EBE2E3FA0E20022AAC8 /* ReceiptParser */ = {
			isa = XCSwiftPackageProductDependency;
			package = 37DB4EBD2E3FA0E20022AAC8 /* XCRemoteSwiftPackageReference "purchases-ios-spm" */;
			productName = ReceiptParser;
		};
		37DB4EC02E3FA0E20022AAC8 /* RevenueCat */ = {
			isa = XCSwiftPackageProductDependency;
			package = 37DB4EBD2E3FA0E20022AAC8 /* XCRemoteSwiftPackageReference "purchases-ios-spm" */;
			productName = RevenueCat;
		};
		37DB4EC22E3FA0E20022AAC8 /* RevenueCatUI */ = {
			isa = XCSwiftPackageProductDependency;
			package = 37DB4EBD2E3FA0E20022AAC8 /* XCRemoteSwiftPackageReference "purchases-ios-spm" */;
			productName = RevenueCatUI;
		};
/* End XCSwiftPackageProductDependency section */
	};
	rootObject = 37F171652DF91DFF009C3656 /* Project object */;
}
